# This file was autogenerated by Stack.
# You should not edit this file by hand.
# For more information, please see the documentation at:
#   https://docs.haskellstack.org/en/stable/lock_files

packages:
- completed:
    hackage: search-algorithms-0.3.1@sha256:83d487688e79f7d354a638d893364cd34cb01352cac9281734c27ee640e31925,1825
    pantry-tree:
      size: 450
      sha256: 1e007eb17329ea5b2bf9efc801fc8d2daa97040d19db4b8274b4743ee145df8b
  original:
    hackage: search-algorithms-0.3.1@sha256:83d487688e79f7d354a638d893364cd34cb01352cac9281734c27ee640e31925,1825
snapshots:
- completed:
    size: 524804
    url: https://raw.githubusercontent.com/commercialhaskell/stackage-snapshots/master/lts/14/16.yaml
    sha256: 4d1519a4372d051d47a5eae2241cf3fb54e113d7475f89707ddb6ec06add2888
  original: lts-14.16
